// !$*UTF8*$!
{
	archiveVersion = 1;
	classes = {
	};
	objectVersion = 46;
	objects = {

/* Begin PBXBuildFile section */
		1A0EFA8C1EBD87CD008BEF60 /* Global.swift in Sources */ = {isa = PBXBuildFile; fileRef = 1A0EFA8B1EBD87CD008BEF60 /* Global.swift */; };
		1A0F74A81EBF625D00D5F788 /* WRApiContainer.swift in Sources */ = {isa = PBXBuildFile; fileRef = 1A0F74A71EBF625D00D5F788 /* WRApiContainer.swift */; };
		1AAE31E71EC2A44200CCFAC1 /* Story.swift in Sources */ = {isa = PBXBuildFile; fileRef = 1AAE31E61EC2A44200CCFAC1 /* Story.swift */; };
		1AAE31E91EC2BB5100CCFAC1 /* News.swift in Sources */ = {isa = PBXBuildFile; fileRef = 1AAE31E81EC2BB5100CCFAC1 /* News.swift */; };
		1AB8076D1EBC0D17007B070B /* AppDelegate.swift in Sources */ = {isa = PBXBuildFile; fileRef = 1AB8076C1EBC0D17007B070B /* AppDelegate.swift */; };
		1AB8076F1EBC0D17007B070B /* ViewController.swift in Sources */ = {isa = PBXBuildFile; fileRef = 1AB8076E1EBC0D17007B070B /* ViewController.swift */; };
		1AB807741EBC0D17007B070B /* Assets.xcassets in Resources */ = {isa = PBXBuildFile; fileRef = 1AB807731EBC0D17007B070B /* Assets.xcassets */; };
		1AB807821EBC0D17007B070B /* ZhihuDaily_Swift3_0Tests.swift in Sources */ = {isa = PBXBuildFile; fileRef = 1AB807811EBC0D17007B070B /* ZhihuDaily_Swift3_0Tests.swift */; };
		1AB8078E1EBC1200007B070B /* WRNetWrapper.swift in Sources */ = {isa = PBXBuildFile; fileRef = 1AB8078D1EBC1200007B070B /* WRNetWrapper.swift */; };
		1AE39DF01EC2105E008092BC /* UIView+Event.swift in Sources */ = {isa = PBXBuildFile; fileRef = 1AE39DEF1EC2105E008092BC /* UIView+Event.swift */; };
		AE3A5C601E1BC1BDAE5DA84B /* Pods_ZhihuDaily_Swift3_0.framework in Frameworks */ = {isa = PBXBuildFile; fileRef = DBC724E033634DB27B0994AB /* Pods_ZhihuDaily_Swift3_0.framework */; };
/* End PBXBuildFile section */

/* Begin PBXContainerItemProxy section */
		1AB8077E1EBC0D17007B070B /* PBXContainerItemProxy */ = {
			isa = PBXContainerItemProxy;
			containerPortal = 1AB807611EBC0D17007B070B /* Project object */;
			proxyType = 1;
			remoteGlobalIDString = 1AB807681EBC0D17007B070B;
			remoteInfo = "ZhihuDaily-Swift3.0";
		};
/* End PBXContainerItemProxy section */

/* Begin PBXFileReference section */
		1A0EFA8B1EBD87CD008BEF60 /* Global.swift */ = {isa = PBXFileReference; fileEncoding = 4; lastKnownFileType = sourcecode.swift; path = Global.swift; sourceTree = "<group>"; };
		1A0F74A71EBF625D00D5F788 /* WRApiContainer.swift */ = {isa = PBXFileReference; fileEncoding = 4; lastKnownFileType = sourcecode.swift; path = WRApiContainer.swift; sourceTree = "<group>"; };
		1AAE31E61EC2A44200CCFAC1 /* Story.swift */ = {isa = PBXFileReference; fileEncoding = 4; lastKnownFileType = sourcecode.swift; path = Story.swift; sourceTree = "<group>"; };
		1AAE31E81EC2BB5100CCFAC1 /* News.swift */ = {isa = PBXFileReference; fileEncoding = 4; lastKnownFileType = sourcecode.swift; path = News.swift; sourceTree = "<group>"; };
		1AB807691EBC0D17007B070B /* ZhihuDaily-Swift3.0.app */ = {isa = PBXFileReference; explicitFileType = wrapper.application; includeInIndex = 0; path = "ZhihuDaily-Swift3.0.app"; sourceTree = BUILT_PRODUCTS_DIR; };
		1AB8076C1EBC0D17007B070B /* AppDelegate.swift */ = {isa = PBXFileReference; lastKnownFileType = sourcecode.swift; path = AppDelegate.swift; sourceTree = "<group>"; };
		1AB8076E1EBC0D17007B070B /* ViewController.swift */ = {isa = PBXFileReference; lastKnownFileType = sourcecode.swift; path = ViewController.swift; sourceTree = "<group>"; };
		1AB807731EBC0D17007B070B /* Assets.xcassets */ = {isa = PBXFileReference; lastKnownFileType = folder.assetcatalog; path = Assets.xcassets; sourceTree = "<group>"; };
		1AB807781EBC0D17007B070B /* Info.plist */ = {isa = PBXFileReference; lastKnownFileType = text.plist.xml; path = Info.plist; sourceTree = "<group>"; };
		1AB8077D1EBC0D17007B070B /* ZhihuDaily-Swift3.0Tests.xctest */ = {isa = PBXFileReference; explicitFileType = wrapper.cfbundle; includeInIndex = 0; path = "ZhihuDaily-Swift3.0Tests.xctest"; sourceTree = BUILT_PRODUCTS_DIR; };
		1AB807811EBC0D17007B070B /* ZhihuDaily_Swift3_0Tests.swift */ = {isa = PBXFileReference; lastKnownFileType = sourcecode.swift; path = ZhihuDaily_Swift3_0Tests.swift; sourceTree = "<group>"; };
		1AB807831EBC0D17007B070B /* Info.plist */ = {isa = PBXFileReference; lastKnownFileType = text.plist.xml; path = Info.plist; sourceTree = "<group>"; };
		1AB8078D1EBC1200007B070B /* WRNetWrapper.swift */ = {isa = PBXFileReference; fileEncoding = 4; lastKnownFileType = sourcecode.swift; path = WRNetWrapper.swift; sourceTree = "<group>"; };
		1AE39DEF1EC2105E008092BC /* UIView+Event.swift */ = {isa = PBXFileReference; fileEncoding = 4; lastKnownFileType = sourcecode.swift; path = "UIView+Event.swift"; sourceTree = "<group>"; };
		DBC724E033634DB27B0994AB /* Pods_ZhihuDaily_Swift3_0.framework */ = {isa = PBXFileReference; explicitFileType = wrapper.framework; includeInIndex = 0; path = Pods_ZhihuDaily_Swift3_0.framework; sourceTree = BUILT_PRODUCTS_DIR; };
		DCBCED4F27CAC29AA5E54C38 /* Pods-ZhihuDaily-Swift3.0.debug.xcconfig */ = {isa = PBXFileReference; includeInIndex = 1; lastKnownFileType = text.xcconfig; name = "Pods-ZhihuDaily-Swift3.0.debug.xcconfig"; path = "Pods/Target Support Files/Pods-ZhihuDaily-Swift3.0/Pods-ZhihuDaily-Swift3.0.debug.xcconfig"; sourceTree = "<group>"; };
		FBD797AEF064E66456D1D57E /* Pods-ZhihuDaily-Swift3.0.release.xcconfig */ = {isa = PBXFileReference; includeInIndex = 1; lastKnownFileType = text.xcconfig; name = "Pods-ZhihuDaily-Swift3.0.release.xcconfig"; path = "Pods/Target Support Files/Pods-ZhihuDaily-Swift3.0/Pods-ZhihuDaily-Swift3.0.release.xcconfig"; sourceTree = "<group>"; };
/* End PBXFileReference section */

/* Begin PBXFrameworksBuildPhase section */
		1AB807661EBC0D17007B070B /* Frameworks */ = {
			isa = PBXFrameworksBuildPhase;
			buildActionMask = 2147483647;
			files = (
				AE3A5C601E1BC1BDAE5DA84B /* Pods_ZhihuDaily_Swift3_0.framework in Frameworks */,
			);
			runOnlyForDeploymentPostprocessing = 0;
		};
		1AB8077A1EBC0D17007B070B /* Frameworks */ = {
			isa = PBXFrameworksBuildPhase;
			buildActionMask = 2147483647;
			files = (
			);
			runOnlyForDeploymentPostprocessing = 0;
		};
/* End PBXFrameworksBuildPhase section */

/* Begin PBXGroup section */
		1AAE31E51EC2A41B00CCFAC1 /* Model */ = {
			isa = PBXGroup;
			children = (
				1AAE31E61EC2A44200CCFAC1 /* Story.swift */,
				1AAE31E81EC2BB5100CCFAC1 /* News.swift */,
			);
			path = Model;
			sourceTree = "<group>";
		};
		1AB807601EBC0D17007B070B = {
			isa = PBXGroup;
			children = (
				1AB8076B1EBC0D17007B070B /* ZhihuDaily-Swift3.0 */,
				1AB807801EBC0D17007B070B /* ZhihuDaily-Swift3.0Tests */,
				1AB8076A1EBC0D17007B070B /* Products */,
				47AFF6BC1DDB3A0F21E3F11A /* Pods */,
				540779D1A3D4568B1B52586F /* Frameworks */,
			);
			sourceTree = "<group>";
		};
		1AB8076A1EBC0D17007B070B /* Products */ = {
			isa = PBXGroup;
			children = (
				1AB807691EBC0D17007B070B /* ZhihuDaily-Swift3.0.app */,
				1AB8077D1EBC0D17007B070B /* ZhihuDaily-Swift3.0Tests.xctest */,
			);
			name = Products;
			sourceTree = "<group>";
		};
		1AB8076B1EBC0D17007B070B /* ZhihuDaily-Swift3.0 */ = {
			isa = PBXGroup;
			children = (
				1AB8076C1EBC0D17007B070B /* AppDelegate.swift */,
				1A0EFA8B1EBD87CD008BEF60 /* Global.swift */,
				1AB8078C1EBC1200007B070B /* NetWork */,
				1AB8076E1EBC0D17007B070B /* ViewController.swift */,
				1AAE31E51EC2A41B00CCFAC1 /* Model */,
				1AE39DEE1EC2102D008092BC /* Extension */,
				1AB807731EBC0D17007B070B /* Assets.xcassets */,
				1AB807781EBC0D17007B070B /* Info.plist */,
			);
			path = "ZhihuDaily-Swift3.0";
			sourceTree = "<group>";
		};
		1AB807801EBC0D17007B070B /* ZhihuDaily-Swift3.0Tests */ = {
			isa = PBXGroup;
			children = (
				1AB807811EBC0D17007B070B /* ZhihuDaily_Swift3_0Tests.swift */,
				1AB807831EBC0D17007B070B /* Info.plist */,
			);
			path = "ZhihuDaily-Swift3.0Tests";
			sourceTree = "<group>";
		};
		1AB8078C1EBC1200007B070B /* NetWork */ = {
			isa = PBXGroup;
			children = (
				1AB8078D1EBC1200007B070B /* WRNetWrapper.swift */,
				1A0F74A71EBF625D00D5F788 /* WRApiContainer.swift */,
			);
			path = NetWork;
			sourceTree = "<group>";
		};
		1AE39DEE1EC2102D008092BC /* Extension */ = {
			isa = PBXGroup;
			children = (
				1AE39DEF1EC2105E008092BC /* UIView+Event.swift */,
			);
			path = Extension;
			sourceTree = "<group>";
		};
		47AFF6BC1DDB3A0F21E3F11A /* Pods */ = {
			isa = PBXGroup;
			children = (
				DCBCED4F27CAC29AA5E54C38 /* Pods-ZhihuDaily-Swift3.0.debug.xcconfig */,
				FBD797AEF064E66456D1D57E /* Pods-ZhihuDaily-Swift3.0.release.xcconfig */,
			);
			name = Pods;
			sourceTree = "<group>";
		};
		540779D1A3D4568B1B52586F /* Frameworks */ = {
			isa = PBXGroup;
			children = (
				DBC724E033634DB27B0994AB /* Pods_ZhihuDaily_Swift3_0.framework */,
			);
			name = Frameworks;
			sourceTree = "<group>";
		};
/* End PBXGroup section */

/* Begin PBXNativeTarget section */
		1AB807681EBC0D17007B070B /* ZhihuDaily-Swift3.0 */ = {
			isa = PBXNativeTarget;
			buildConfigurationList = 1AB807861EBC0D17007B070B /* Build configuration list for PBXNativeTarget "ZhihuDaily-Swift3.0" */;
			buildPhases = (
				E9D372C74AFE08FF011B502D /* [CP] Check Pods Manifest.lock */,
				1AB807651EBC0D17007B070B /* Sources */,
				1AB807661EBC0D17007B070B /* Frameworks */,
				1AB807671EBC0D17007B070B /* Resources */,
				9E6B494A3E25A14D3C789E20 /* [CP] Embed Pods Frameworks */,
				ACA9FDA8301BDF44AB42B1C7 /* [CP] Copy Pods Resources */,
			);
			buildRules = (
			);
			dependencies = (
			);
			name = "ZhihuDaily-Swift3.0";
			productName = "ZhihuDaily-Swift3.0";
			productReference = 1AB807691EBC0D17007B070B /* ZhihuDaily-Swift3.0.app */;
			productType = "com.apple.product-type.application";
		};
		1AB8077C1EBC0D17007B070B /* ZhihuDaily-Swift3.0Tests */ = {
			isa = PBXNativeTarget;
			buildConfigurationList = 1AB807891EBC0D17007B070B /* Build configuration list for PBXNativeTarget "ZhihuDaily-Swift3.0Tests" */;
			buildPhases = (
				1AB807791EBC0D17007B070B /* Sources */,
				1AB8077A1EBC0D17007B070B /* Frameworks */,
				1AB8077B1EBC0D17007B070B /* Resources */,
			);
			buildRules = (
			);
			dependencies = (
				1AB8077F1EBC0D17007B070B /* PBXTargetDependency */,
			);
			name = "ZhihuDaily-Swift3.0Tests";
			productName = "ZhihuDaily-Swift3.0Tests";
			productReference = 1AB8077D1EBC0D17007B070B /* ZhihuDaily-Swift3.0Tests.xctest */;
			productType = "com.apple.product-type.bundle.unit-test";
		};
/* End PBXNativeTarget section */

/* Begin PBXProject section */
		1AB807611EBC0D17007B070B /* Project object */ = {
			isa = PBXProject;
			attributes = {
				LastSwiftUpdateCheck = 0810;
				LastUpgradeCheck = 0810;
				ORGANIZATIONNAME = wangrui;
				TargetAttributes = {
					1AB807681EBC0D17007B070B = {
						CreatedOnToolsVersion = 8.1;
						ProvisioningStyle = Automatic;
					};
					1AB8077C1EBC0D17007B070B = {
						CreatedOnToolsVersion = 8.1;
						DevelopmentTeam = 652U6LDTX4;
						ProvisioningStyle = Automatic;
						TestTargetID = 1AB807681EBC0D17007B070B;
					};
				};
			};
			buildConfigurationList = 1AB807641EBC0D17007B070B /* Build configuration list for PBXProject "ZhihuDaily-Swift3.0" */;
			compatibilityVersion = "Xcode 3.2";
			developmentRegion = English;
			hasScannedForEncodings = 0;
			knownRegions = (
				en,
				Base,
			);
			mainGroup = 1AB807601EBC0D17007B070B;
			productRefGroup = 1AB8076A1EBC0D17007B070B /* Products */;
			projectDirPath = "";
			projectRoot = "";
			targets = (
				1AB807681EBC0D17007B070B /* ZhihuDaily-Swift3.0 */,
				1AB8077C1EBC0D17007B070B /* ZhihuDaily-Swift3.0Tests */,
			);
		};
/* End PBXProject section */

/* Begin PBXResourcesBuildPhase section */
		1AB807671EBC0D17007B070B /* Resources */ = {
			isa = PBXResourcesBuildPhase;
			buildActionMask = 2147483647;
			files = (
				1AB807741EBC0D17007B070B /* Assets.xcassets in Resources */,
			);
			runOnlyForDeploymentPostprocessing = 0;
		};
		1AB8077B1EBC0D17007B070B /* Resources */ = {
			isa = PBXResourcesBuildPhase;
			buildActionMask = 2147483647;
			files = (
			);
			runOnlyForDeploymentPostprocessing = 0;
		};
/* End PBXResourcesBuildPhase section */

/* Begin PBXShellScriptBuildPhase section */
		9E6B494A3E25A14D3C789E20 /* [CP] Embed Pods Frameworks */ = {
			isa = PBXShellScriptBuildPhase;
			buildActionMask = 2147483647;
			files = (
			);
			inputPaths = (
			);
			name = "[CP] Embed Pods Frameworks";
			outputPaths = (
			);
			runOnlyForDeploymentPostprocessing = 0;
			shellPath = /bin/sh;
			shellScript = "\"${SRCROOT}/Pods/Target Support Files/Pods-ZhihuDaily-Swift3.0/Pods-ZhihuDaily-Swift3.0-frameworks.sh\"\n";
			showEnvVarsInLog = 0;
		};
		ACA9FDA8301BDF44AB42B1C7 /* [CP] Copy Pods Resources */ = {
			isa = PBXShellScriptBuildPhase;
			buildActionMask = 2147483647;
			files = (
			);
			inputPaths = (
			);
			name = "[CP] Copy Pods Resources";
			outputPaths = (
			);
			runOnlyForDeploymentPostprocessing = 0;
			shellPath = /bin/sh;
			shellScript = "\"${SRCROOT}/Pods/Target Support Files/Pods-ZhihuDaily-Swift3.0/Pods-ZhihuDaily-Swift3.0-resources.sh\"\n";
			showEnvVarsInLog = 0;
		};
		E9D372C74AFE08FF011B502D /* [CP] Check Pods Manifest.lock */ = {
			isa = PBXShellScriptBuildPhase;
			buildActionMask = 2147483647;
			files = (
			);
			inputPaths = (
			);
			name = "[CP] Check Pods Manifest.lock";
			outputPaths = (
			);
			runOnlyForDeploymentPostprocessing = 0;
			shellPath = /bin/sh;
			shellScript = "diff \"${PODS_PODFILE_DIR_PATH}/Podfile.lock\" \"${PODS_ROOT}/Manifest.lock\" > /dev/null\nif [ $? != 0 ] ; then\n    # print error to STDERR\n    echo \"error: The sandbox is not in sync with the Podfile.lock. Run 'pod install' or update your CocoaPods installation.\" >&2\n    exit 1\nfi\n";
			showEnvVarsInLog = 0;
		};
/* End PBXShellScriptBuildPhase section */

/* Begin PBXSourcesBuildPhase section */
		1AB807651EBC0D17007B070B /* Sources */ = {
			isa = PBXSourcesBuildPhase;
			buildActionMask = 2147483647;
			files = (
				1AAE31E71EC2A44200CCFAC1 /* Story.swift in Sources */,
				1A0F74A81EBF625D00D5F788 /* WRApiContainer.swift in Sources */,
				1AAE31E91EC2BB5100CCFAC1 /* News.swift in Sources */,
				1A0EFA8C1EBD87CD008BEF60 /* Global.swift in Sources */,
				1AB8076F1EBC0D17007B070B /* ViewController.swift in Sources */,
				1AE39DF01EC2105E008092BC /* UIView+Event.swift in Sources */,
				1AB8076D1EBC0D17007B070B /* AppDelegate.swift in Sources */,
				1AB8078E1EBC1200007B070B /* WRNetWrapper.swift in Sources */,
			);
			runOnlyForDeploymentPostprocessing = 0;
		};
		1AB807791EBC0D17007B070B /* Sources */ = {
			isa = PBXSourcesBuildPhase;
			buildActionMask = 2147483647;
			files = (
				1AB807821EBC0D17007B070B /* ZhihuDaily_Swift3_0Tests.swift in Sources */,
			);
			runOnlyForDeploymentPostprocessing = 0;
		};
/* End PBXSourcesBuildPhase section */

/* Begin PBXTargetDependency section */
		1AB8077F1EBC0D17007B070B /* PBXTargetDependency */ = {
			isa = PBXTargetDependency;
			target = 1AB807681EBC0D17007B070B /* ZhihuDaily-Swift3.0 */;
			targetProxy = 1AB8077E1EBC0D17007B070B /* PBXContainerItemProxy */;
		};
/* End PBXTargetDependency section */

/* Begin XCBuildConfiguration section */
		1AB807841EBC0D17007B070B /* Debug */ = {
			isa = XCBuildConfiguration;
			buildSettings = {
				ALWAYS_SEARCH_USER_PATHS = NO;
				CLANG_ANALYZER_NONNULL = YES;
				CLANG_CXX_LANGUAGE_STANDARD = "gnu++0x";
				CLANG_CXX_LIBRARY = "libc++";
				CLANG_ENABLE_MODULES = YES;
				CLANG_ENABLE_OBJC_ARC = YES;
				CLANG_WARN_BOOL_CONVERSION = YES;
				CLANG_WARN_CONSTANT_CONVERSION = YES;
				CLANG_WARN_DIRECT_OBJC_ISA_USAGE = YES_ERROR;
				CLANG_WARN_DOCUMENTATION_COMMENTS = YES;
				CLANG_WARN_EMPTY_BODY = YES;
				CLANG_WARN_ENUM_CONVERSION = YES;
				CLANG_WARN_INFINITE_RECURSION = YES;
				CLANG_WARN_INT_CONVERSION = YES;
				CLANG_WARN_OBJC_ROOT_CLASS = YES_ERROR;
				CLANG_WARN_SUSPICIOUS_MOVES = YES;
				CLANG_WARN_UNREACHABLE_CODE = YES;
				CLANG_WARN__DUPLICATE_METHOD_MATCH = YES;
				"CODE_SIGN_IDENTITY[sdk=iphoneos*]" = "iPhone Developer";
				COPY_PHASE_STRIP = NO;
				DEBUG_INFORMATION_FORMAT = dwarf;
				ENABLE_STRICT_OBJC_MSGSEND = YES;
				ENABLE_TESTABILITY = YES;
				GCC_C_LANGUAGE_STANDARD = gnu99;
				GCC_DYNAMIC_NO_PIC = NO;
				GCC_NO_COMMON_BLOCKS = YES;
				GCC_OPTIMIZATION_LEVEL = 0;
				GCC_PREPROCESSOR_DEFINITIONS = (
					"DEBUG=1",
					"$(inherited)",
				);
				GCC_WARN_64_TO_32_BIT_CONVERSION = YES;
				GCC_WARN_ABOUT_RETURN_TYPE = YES_ERROR;
				GCC_WARN_UNDECLARED_SELECTOR = YES;
				GCC_WARN_UNINITIALIZED_AUTOS = YES_AGGRESSIVE;
				GCC_WARN_UNUSED_FUNCTION = YES;
				GCC_WARN_UNUSED_VARIABLE = YES;
				IPHONEOS_DEPLOYMENT_TARGET = 10.1;
				MTL_ENABLE_DEBUG_INFO = YES;
				ONLY_ACTIVE_ARCH = YES;
				SDKROOT = iphoneos;
				SWIFT_ACTIVE_COMPILATION_CONDITIONS = DEBUG;
				SWIFT_OPTIMIZATION_LEVEL = "-Onone";
				TARGETED_DEVICE_FAMILY = "1,2";
			};
			name = Debug;
		};
		1AB807851EBC0D17007B070B /* Release */ = {
			isa = XCBuildConfiguration;
			buildSettings = {
				ALWAYS_SEARCH_USER_PATHS = NO;
				CLANG_ANALYZER_NONNULL = YES;
				CLANG_CXX_LANGUAGE_STANDARD = "gnu++0x";
				CLANG_CXX_LIBRARY = "libc++";
				CLANG_ENABLE_MODULES = YES;
				CLANG_ENABLE_OBJC_ARC = YES;
				CLANG_WARN_BOOL_CONVERSION = YES;
				CLANG_WARN_CONSTANT_CONVERSION = YES;
				CLANG_WARN_DIRECT_OBJC_ISA_USAGE = YES_ERROR;
				CLANG_WARN_DOCUMENTATION_COMMENTS = YES;
				CLANG_WARN_EMPTY_BODY = YES;
				CLANG_WARN_ENUM_CONVERSION = YES;
				CLANG_WARN_INFINITE_RECURSION = YES;
				CLANG_WARN_INT_CONVERSION = YES;
				CLANG_WARN_OBJC_ROOT_CLASS = YES_ERROR;
				CLANG_WARN_SUSPICIOUS_MOVES = YES;
				CLANG_WARN_UNREACHABLE_CODE = YES;
				CLANG_WARN__DUPLICATE_METHOD_MATCH = YES;
				"CODE_SIGN_IDENTITY[sdk=iphoneos*]" = "iPhone Developer";
				COPY_PHASE_STRIP = NO;
				DEBUG_INFORMATION_FORMAT = "dwarf-with-dsym";
				ENABLE_NS_ASSERTIONS = NO;
				ENABLE_STRICT_OBJC_MSGSEND = YES;
				GCC_C_LANGUAGE_STANDARD = gnu99;
				GCC_NO_COMMON_BLOCKS = YES;
				GCC_WARN_64_TO_32_BIT_CONVERSION = YES;
				GCC_WARN_ABOUT_RETURN_TYPE = YES_ERROR;
				GCC_WARN_UNDECLARED_SELECTOR = YES;
				GCC_WARN_UNINITIALIZED_AUTOS = YES_AGGRESSIVE;
				GCC_WARN_UNUSED_FUNCTION = YES;
				GCC_WARN_UNUSED_VARIABLE = YES;
				IPHONEOS_DEPLOYMENT_TARGET = 10.1;
				MTL_ENABLE_DEBUG_INFO = NO;
				SDKROOT = iphoneos;
				SWIFT_OPTIMIZATION_LEVEL = "-Owholemodule";
				TARGETED_DEVICE_FAMILY = "1,2";
				VALIDATE_PRODUCT = YES;
			};
			name = Release;
		};
		1AB807871EBC0D17007B070B /* Debug */ = {
			isa = XCBuildConfiguration;
			baseConfigurationReference = DCBCED4F27CAC29AA5E54C38 /* Pods-ZhihuDaily-Swift3.0.debug.xcconfig */;
			buildSettings = {
				ASSETCATALOG_COMPILER_APPICON_NAME = AppIcon;
				ASSETCATALOG_COMPILER_LAUNCHIMAGE_NAME = LaunchImage;
				CODE_SIGN_IDENTITY = "iPhone Developer: 1204607318@qq.com (WEJACUJN8Y)";
				"CODE_SIGN_IDENTITY[sdk=iphoneos*]" = "iPhone Developer: 1204607318@qq.com (WEJACUJN8Y)";
				DEVELOPMENT_TEAM = "";
				INFOPLIST_FILE = "ZhihuDaily-Swift3.0/Info.plist";
				LD_RUNPATH_SEARCH_PATHS = "$(inherited) @executable_path/Frameworks";
				PRODUCT_BUNDLE_IDENTIFIER = "video.wangrui.com.ZhihuDaily-Swift3-0";
				PRODUCT_NAME = "$(TARGET_NAME)";
				PROVISIONING_PROFILE = "a6bfd0cb-907a-40de-adb8-65e9f7ef6ae7";
				PROVISIONING_PROFILE_SPECIFIER = "";
				SWIFT_VERSION = 3.0;
			};
			name = Debug;
		};
		1AB807881EBC0D17007B070B /* Release */ = {
			isa = XCBuildConfiguration;
			baseConfigurationReference = FBD797AEF064E66456D1D57E /* Pods-ZhihuDaily-Swift3.0.release.xcconfig */;
			buildSettings = {
				ASSETCATALOG_COMPILER_APPICON_NAME = AppIcon;
				ASSETCATALOG_COMPILER_LAUNCHIMAGE_NAME = LaunchImage;
				CODE_SIGN_IDENTITY = "iPhone Developer: 1204607318@qq.com (WEJACUJN8Y)";
				"CODE_SIGN_IDENTITY[sdk=iphoneos*]" = "iPhone Developer: 1204607318@qq.com (WEJACUJN8Y)";
				DEVELOPMENT_TEAM = "";
				INFOPLIST_FILE = "ZhihuDaily-Swift3.0/Info.plist";
				LD_RUNPATH_SEARCH_PATHS = "$(inherited) @executable_path/Frameworks";
				PRODUCT_BUNDLE_IDENTIFIER = "video.wangrui.com.ZhihuDaily-Swift3-0";
				PRODUCT_NAME = "$(TARGET_NAME)";
				PROVISIONING_PROFILE = "a6bfd0cb-907a-40de-adb8-65e9f7ef6ae7";
				PROVISIONING_PROFILE_SPECIFIER = "";
				SWIFT_VERSION = 3.0;
			};
			name = Release;
		};
		1AB8078A1EBC0D17007B070B /* Debug */ = {
			isa = XCBuildConfiguration;
			buildSettings = {
				ALWAYS_EMBED_SWIFT_STANDARD_LIBRARIES = YES;
				BUNDLE_LOADER = "$(TEST_HOST)";
				DEVELOPMENT_TEAM = 652U6LDTX4;
				INFOPLIST_FILE = "ZhihuDaily-Swift3.0Tests/Info.plist";
				LD_RUNPATH_SEARCH_PATHS = "$(inherited) @executable_path/Frameworks @loader_path/Frameworks";
				PRODUCT_BUNDLE_IDENTIFIER = "video.wangrui.com.ZhihuDaily-Swift3-0Tests";
				PRODUCT_NAME = "$(TARGET_NAME)";
				SWIFT_VERSION = 3.0;
				TEST_HOST = "$(BUILT_PRODUCTS_DIR)/ZhihuDaily-Swift3.0.app/ZhihuDaily-Swift3.0";
			};
			name = Debug;
		};
		1AB8078B1EBC0D17007B070B /* Release */ = {
			isa = XCBuildConfiguration;
			buildSettings = {
				ALWAYS_EMBED_SWIFT_STANDARD_LIBRARIES = YES;
				BUNDLE_LOADER = "$(TEST_HOST)";
				DEVELOPMENT_TEAM = 652U6LDTX4;
				INFOPLIST_FILE = "ZhihuDaily-Swift3.0Tests/Info.plist";
				LD_RUNPATH_SEARCH_PATHS = "$(inherited) @executable_path/Frameworks @loader_path/Frameworks";
				PRODUCT_BUNDLE_IDENTIFIER = "video.wangrui.com.ZhihuDaily-Swift3-0Tests";
				PRODUCT_NAME = "$(TARGET_NAME)";
				SWIFT_VERSION = 3.0;
				TEST_HOST = "$(BUILT_PRODUCTS_DIR)/ZhihuDaily-Swift3.0.app/ZhihuDaily-Swift3.0";
			};
			name = Release;
		};
/* End XCBuildConfiguration section */

/* Begin XCConfigurationList section */
		1AB807641EBC0D17007B070B /* Build configuration list for PBXProject "ZhihuDaily-Swift3.0" */ = {
			isa = XCConfigurationList;
			buildConfigurations = (
				1AB807841EBC0D17007B070B /* Debug */,
				1AB807851EBC0D17007B070B /* Release */,
			);
			defaultConfigurationIsVisible = 0;
			defaultConfigurationName = Release;
		};
		1AB807861EBC0D17007B070B /* Build configuration list for PBXNativeTarget "ZhihuDaily-Swift3.0" */ = {
			isa = XCConfigurationList;
			buildConfigurations = (
				1AB807871EBC0D17007B070B /* Debug */,
				1AB807881EBC0D17007B070B /* Release */,
			);
			defaultConfigurationIsVisible = 0;
			defaultConfigurationName = Release;
		};
		1AB807891EBC0D17007B070B /* Build configuration list for PBXNativeTarget "ZhihuDaily-Swift3.0Tests" */ = {
			isa = XCConfigurationList;
			buildConfigurations = (
				1AB8078A1EBC0D17007B070B /* Debug */,
				1AB8078B1EBC0D17007B070B /* Release */,
			);
			defaultConfigurationIsVisible = 0;
			defaultConfigurationName = Release;
		};
/* End XCConfigurationList section */
	};
	rootObject = 1AB807611EBC0D17007B070B /* Project object */;
}
